
Microsoft Visual Studio Solution File, Format Version 12.00
# Visual Studio 15
VisualStudioVersion = 15.0.28010.2026
MinimumVisualStudioVersion = 10.0.40219.1
Project("{9A19103F-16F7-4668-BE54-9A1E7A4F7556}") = "HRMasterASP", "src\HRMasterASP\HRMasterASP.csproj", "{02D1A2D7-EF14-4134-A2D7-79F4D509191B}"
EndProject
Project("{9A19103F-16F7-4668-BE54-9A1E7A4F7556}") = "HRMasterUnitTests", "tests\HRMasterUnitTests\HRMasterUnitTests.csproj", "{5A09F3BB-B98A-4DD7-98A2-A8700CFCD482}"
EndProject
Project("{9A19103F-16F7-4668-BE54-9A1E7A4F7556}") = "HRMasterIntegrationTests", "tests\HRMasterIntegrationTests\HRMasterIntegrationTests.csproj", "{793629A7-9B42-4CC8-B1DD-09E41B67B48B}"
EndProject
Project("{9A19103F-16F7-4668-BE54-9A1E7A4F7556}") = "HRMasterUITests", "tests\HRMasterUITests\HRMasterUITests.csproj", "{156ACA2C-2723-4112-A045-D909BDDFFEEE}"
EndProject
Global
	GlobalSection(SolutionConfigurationPlatforms) = preSolution
		Debug|Any CPU = Debug|Any CPU
		Release|Any CPU = Release|Any CPU
	EndGlobalSection
	GlobalSection(ProjectConfigurationPlatforms) = postSolution
		{02D1A2D7-EF14-4134-A2D7-79F4D509191B}.Debug|Any CPU.ActiveCfg = Debug|Any CPU
		{02D1A2D7-EF14-4134-A2D7-79F4D509191B}.Debug|Any CPU.Build.0 = Debug|Any CPU
		{02D1A2D7-EF14-4134-A2D7-79F4D509191B}.Release|Any CPU.ActiveCfg = Release|Any CPU
		{02D1A2D7-EF14-4134-A2D7-79F4D509191B}.Release|Any CPU.Build.0 = Release|Any CPU
		{5A09F3BB-B98A-4DD7-98A2-A8700CFCD482}.Debug|Any CPU.ActiveCfg = Debug|Any CPU
		{5A09F3BB-B98A-4DD7-98A2-A8700CFCD482}.Debug|Any CPU.Build.0 = Debug|Any CPU
		{5A09F3BB-B98A-4DD7-98A2-A8700CFCD482}.Release|Any CPU.ActiveCfg = Release|Any CPU
		{5A09F3BB-B98A-4DD7-98A2-A8700CFCD482}.Release|Any CPU.Build.0 = Release|Any CPU
		{793629A7-9B42-4CC8-B1DD-09E41B67B48B}.Debug|Any CPU.ActiveCfg = Debug|Any CPU
		{793629A7-9B42-4CC8-B1DD-09E41B67B48B}.Debug|Any CPU.Build.0 = Debug|Any CPU
		{793629A7-9B42-4CC8-B1DD-09E41B67B48B}.Release|Any CPU.ActiveCfg = Release|Any CPU
		{793629A7-9B42-4CC8-B1DD-09E41B67B48B}.Release|Any CPU.Build.0 = Release|Any CPU
		{156ACA2C-2723-4112-A045-D909BDDFFEEE}.Debug|Any CPU.ActiveCfg = Debug|Any CPU
		{156ACA2C-2723-4112-A045-D909BDDFFEEE}.Debug|Any CPU.Build.0 = Debug|Any CPU
		{156ACA2C-2723-4112-A045-D909BDDFFEEE}.Release|Any CPU.ActiveCfg = Release|Any CPU
		{156ACA2C-2723-4112-A045-D909BDDFFEEE}.Release|Any CPU.Build.0 = Release|Any CPU
	EndGlobalSection
	GlobalSection(SolutionProperties) = preSolution
		HideSolutionNode = FALSE
	EndGlobalSection
	GlobalSection(ExtensibilityGlobals) = postSolution
		SolutionGuid = {5795813F-6C02-455B-8174-692D0ADFD64F}
	EndGlobalSection
EndGlobal
